
Microsoft Visual Studio Solution File, Format Version 12.00
# Visual Studio Version 17
VisualStudioVersion = 17.0.31903.59
MinimumVisualStudioVersion = 10.0.40219.1
Project("{2150E333-8FDC-42A3-9474-1A3956D46DE8}") = "src", "src", "{827E0CD3-B72D-47B6-A68D-7590B98EB39B}"
EndProject
Project("{FAE04EC0-301F-11D3-BF4B-00C04F79EFBC}") = "AIWorkHub.Api", "src\AIWorkHub.Api\AIWorkHub.Api.csproj", "{512CD054-A9C0-453B-A43F-99DA7111CB90}"
EndProject
Project("{FAE04EC0-301F-11D3-BF4B-00C04F79EFBC}") = "AIWorkHub.Application", "src\AIWorkHub.Application\AIWorkHub.Application.csproj", "{B25C3E7E-6DC5-4346-B415-10BC3722C97A}"
EndProject
Project("{FAE04EC0-301F-11D3-BF4B-00C04F79EFBC}") = "AIWorkHub.Domain", "src\AIWorkHub.Domain\AIWorkHub.Domain.csproj", "{08AEDA79-7259-4A3E-9B68-B8A3EDE47E2B}"
EndProject
Project("{FAE04EC0-301F-11D3-BF4B-00C04F79EFBC}") = "AIWorkHub.Infrastructure", "src\AIWorkHub.Infrastructure\AIWorkHub.Infrastructure.csproj", "{446F287B-3864-445C-94AF-BB51610E5A04}"
EndProject
Project("{FAE04EC0-301F-11D3-BF4B-00C04F79EFBC}") = "AIWorkHub.Persistence", "src\AIWorkHub.Persistence\AIWorkHub.Persistence.csproj", "{9ACB2EE8-A9F1-4E6E-921E-C9D16E7D0334}"
EndProject
Project("{FAE04EC0-301F-11D3-BF4B-00C04F79EFBC}") = "AIWorkHub.SharedKernel", "src\AIWorkHub.SharedKernel\AIWorkHub.SharedKernel.csproj", "{19F20357-F040-41BD-81D2-FA5F09842A7F}"
EndProject
Project("{2150E333-8FDC-42A3-9474-1A3956D46DE8}") = "tests", "tests", "{67AB4D2A-1E0A-4A76-B047-D7068440E4A8}"
EndProject
Project("{FAE04EC0-301F-11D3-BF4B-00C04F79EFBC}") = "AIWorkHub.UnitTests", "tests\AIWorkHub.UnitTests\AIWorkHub.UnitTests.csproj", "{603C65E3-229E-40BE-A081-F9ED4D0387B1}"
EndProject
Project("{FAE04EC0-301F-11D3-BF4B-00C04F79EFBC}") = "AIWorkHub.IntegrationTests", "tests\AIWorkHub.IntegrationTests\AIWorkHub.IntegrationTests.csproj", "{44DE8A42-FEA3-406A-8C7C-3493E2143DE6}"
EndProject
Global
	GlobalSection(SolutionConfigurationPlatforms) = preSolution
		Debug|Any CPU = Debug|Any CPU
		Debug|x64 = Debug|x64
		Debug|x86 = Debug|x86
		Release|Any CPU = Release|Any CPU
		Release|x64 = Release|x64
		Release|x86 = Release|x86
	EndGlobalSection
	GlobalSection(ProjectConfigurationPlatforms) = postSolution
		{512CD054-A9C0-453B-A43F-99DA7111CB90}.Debug|Any CPU.ActiveCfg = Debug|Any CPU
		{512CD054-A9C0-453B-A43F-99DA7111CB90}.Debug|Any CPU.Build.0 = Debug|Any CPU
		{512CD054-A9C0-453B-A43F-99DA7111CB90}.Debug|x64.ActiveCfg = Debug|Any CPU
		{512CD054-A9C0-453B-A43F-99DA7111CB90}.Debug|x64.Build.0 = Debug|Any CPU
		{512CD054-A9C0-453B-A43F-99DA7111CB90}.Debug|x86.ActiveCfg = Debug|Any CPU
		{512CD054-A9C0-453B-A43F-99DA7111CB90}.Debug|x86.Build.0 = Debug|Any CPU
		{512CD054-A9C0-453B-A43F-99DA7111CB90}.Release|Any CPU.ActiveCfg = Release|Any CPU
		{512CD054-A9C0-453B-A43F-99DA7111CB90}.Release|Any CPU.Build.0 = Release|Any CPU
		{512CD054-A9C0-453B-A43F-99DA7111CB90}.Release|x64.ActiveCfg = Release|Any CPU
		{512CD054-A9C0-453B-A43F-99DA7111CB90}.Release|x64.Build.0 = Release|Any CPU
		{512CD054-A9C0-453B-A43F-99DA7111CB90}.Release|x86.ActiveCfg = Release|Any CPU
		{512CD054-A9C0-453B-A43F-99DA7111CB90}.Release|x86.Build.0 = Release|Any CPU
		{B25C3E7E-6DC5-4346-B415-10BC3722C97A}.Debug|Any CPU.ActiveCfg = Debug|Any CPU
		{B25C3E7E-6DC5-4346-B415-10BC3722C97A}.Debug|Any CPU.Build.0 = Debug|Any CPU
		{B25C3E7E-6DC5-4346-B415-10BC3722C97A}.Debug|x64.ActiveCfg = Debug|Any CPU
		{B25C3E7E-6DC5-4346-B415-10BC3722C97A}.Debug|x64.Build.0 = Debug|Any CPU
		{B25C3E7E-6DC5-4346-B415-10BC3722C97A}.Debug|x86.ActiveCfg = Debug|Any CPU
		{B25C3E7E-6DC5-4346-B415-10BC3722C97A}.Debug|x86.Build.0 = Debug|Any CPU
		{B25C3E7E-6DC5-4346-B415-10BC3722C97A}.Release|Any CPU.ActiveCfg = Release|Any CPU
		{B25C3E7E-6DC5-4346-B415-10BC3722C97A}.Release|Any CPU.Build.0 = Release|Any CPU
		{B25C3E7E-6DC5-4346-B415-10BC3722C97A}.Release|x64.ActiveCfg = Release|Any CPU
		{B25C3E7E-6DC5-4346-B415-10BC3722C97A}.Release|x64.Build.0 = Release|Any CPU
		{B25C3E7E-6DC5-4346-B415-10BC3722C97A}.Release|x86.ActiveCfg = Release|Any CPU
		{B25C3E7E-6DC5-4346-B415-10BC3722C97A}.Release|x86.Build.0 = Release|Any CPU
		{08AEDA79-7259-4A3E-9B68-B8A3EDE47E2B}.Debug|Any CPU.ActiveCfg = Debug|Any CPU
		{08AEDA79-7259-4A3E-9B68-B8A3EDE47E2B}.Debug|Any CPU.Build.0 = Debug|Any CPU
		{08AEDA79-7259-4A3E-9B68-B8A3EDE47E2B}.Debug|x64.ActiveCfg = Debug|Any CPU
		{08AEDA79-7259-4A3E-9B68-B8A3EDE47E2B}.Debug|x64.Build.0 = Debug|Any CPU
		{08AEDA79-7259-4A3E-9B68-B8A3EDE47E2B}.Debug|x86.ActiveCfg = Debug|Any CPU
		{08AEDA79-7259-4A3E-9B68-B8A3EDE47E2B}.Debug|x86.Build.0 = Debug|Any CPU
		{08AEDA79-7259-4A3E-9B68-B8A3EDE47E2B}.Release|Any CPU.ActiveCfg = Release|Any CPU
		{08AEDA79-7259-4A3E-9B68-B8A3EDE47E2B}.Release|Any CPU.Build.0 = Release|Any CPU
		{08AEDA79-7259-4A3E-9B68-B8A3EDE47E2B}.Release|x64.ActiveCfg = Release|Any CPU
		{08AEDA79-7259-4A3E-9B68-B8A3EDE47E2B}.Release|x64.Build.0 = Release|Any CPU
		{08AEDA79-7259-4A3E-9B68-B8A3EDE47E2B}.Release|x86.ActiveCfg = Release|Any CPU
		{08AEDA79-7259-4A3E-9B68-B8A3EDE47E2B}.Release|x86.Build.0 = Release|Any CPU
		{446F287B-3864-445C-94AF-BB51610E5A04}.Debug|Any CPU.ActiveCfg = Debug|Any CPU
		{446F287B-3864-445C-94AF-BB51610E5A04}.Debug|Any CPU.Build.0 = Debug|Any CPU
		{446F287B-3864-445C-94AF-BB51610E5A04}.Debug|x64.ActiveCfg = Debug|Any CPU
		{446F287B-3864-445C-94AF-BB51610E5A04}.Debug|x64.Build.0 = Debug|Any CPU
		{446F287B-3864-445C-94AF-BB51610E5A04}.Debug|x86.ActiveCfg = Debug|Any CPU
		{446F287B-3864-445C-94AF-BB51610E5A04}.Debug|x86.Build.0 = Debug|Any CPU
		{446F287B-3864-445C-94AF-BB51610E5A04}.Release|Any CPU.ActiveCfg = Release|Any CPU
		{446F287B-3864-445C-94AF-BB51610E5A04}.Release|Any CPU.Build.0 = Release|Any CPU
		{446F287B-3864-445C-94AF-BB51610E5A04}.Release|x64.ActiveCfg = Release|Any CPU
		{446F287B-3864-445C-94AF-BB51610E5A04}.Release|x64.Build.0 = Release|Any CPU
		{446F287B-3864-445C-94AF-BB51610E5A04}.Release|x86.ActiveCfg = Release|Any CPU
		{446F287B-3864-445C-94AF-BB51610E5A04}.Release|x86.Build.0 = Release|Any CPU
		{9ACB2EE8-A9F1-4E6E-921E-C9D16E7D0334}.Debug|Any CPU.ActiveCfg = Debug|Any CPU
		{9ACB2EE8-A9F1-4E6E-921E-C9D16E7D0334}.Debug|Any CPU.Build.0 = Debug|Any CPU
		{9ACB2EE8-A9F1-4E6E-921E-C9D16E7D0334}.Debug|x64.ActiveCfg = Debug|Any CPU
		{9ACB2EE8-A9F1-4E6E-921E-C9D16E7D0334}.Debug|x64.Build.0 = Debug|Any CPU
		{9ACB2EE8-A9F1-4E6E-921E-C9D16E7D0334}.Debug|x86.ActiveCfg = Debug|Any CPU
		{9ACB2EE8-A9F1-4E6E-921E-C9D16E7D0334}.Debug|x86.Build.0 = Debug|Any CPU
		{9ACB2EE8-A9F1-4E6E-921E-C9D16E7D0334}.Release|Any CPU.ActiveCfg = Release|Any CPU
		{9ACB2EE8-A9F1-4E6E-921E-C9D16E7D0334}.Release|Any CPU.Build.0 = Release|Any CPU
		{9ACB2EE8-A9F1-4E6E-921E-C9D16E7D0334}.Release|x64.ActiveCfg = Release|Any CPU
		{9ACB2EE8-A9F1-4E6E-921E-C9D16E7D0334}.Release|x64.Build.0 = Release|Any CPU
		{9ACB2EE8-A9F1-4E6E-921E-C9D16E7D0334}.Release|x86.ActiveCfg = Release|Any CPU
		{9ACB2EE8-A9F1-4E6E-921E-C9D16E7D0334}.Release|x86.Build.0 = Release|Any CPU
		{19F20357-F040-41BD-81D2-FA5F09842A7F}.Debug|Any CPU.ActiveCfg = Debug|Any CPU
		{19F20357-F040-41BD-81D2-FA5F09842A7F}.Debug|Any CPU.Build.0 = Debug|Any CPU
		{19F20357-F040-41BD-81D2-FA5F09842A7F}.Debug|x64.ActiveCfg = Debug|Any CPU
		{19F20357-F040-41BD-81D2-FA5F09842A7F}.Debug|x64.Build.0 = Debug|Any CPU
		{19F20357-F040-41BD-81D2-FA5F09842A7F}.Debug|x86.ActiveCfg = Debug|Any CPU
		{19F20357-F040-41BD-81D2-FA5F09842A7F}.Debug|x86.Build.0 = Debug|Any CPU
		{19F20357-F040-41BD-81D2-FA5F09842A7F}.Release|Any CPU.ActiveCfg = Release|Any CPU
		{19F20357-F040-41BD-81D2-FA5F09842A7F}.Release|Any CPU.Build.0 = Release|Any CPU
		{19F20357-F040-41BD-81D2-FA5F09842A7F}.Release|x64.ActiveCfg = Release|Any CPU
		{19F20357-F040-41BD-81D2-FA5F09842A7F}.Release|x64.Build.0 = Release|Any CPU
		{19F20357-F040-41BD-81D2-FA5F09842A7F}.Release|x86.ActiveCfg = Release|Any CPU
		{19F20357-F040-41BD-81D2-FA5F09842A7F}.Release|x86.Build.0 = Release|Any CPU
		{603C65E3-229E-40BE-A081-F9ED4D0387B1}.Debug|Any CPU.ActiveCfg = Debug|Any CPU
		{603C65E3-229E-40BE-A081-F9ED4D0387B1}.Debug|Any CPU.Build.0 = Debug|Any CPU
		{603C65E3-229E-40BE-A081-F9ED4D0387B1}.Debug|x64.ActiveCfg = Debug|Any CPU
		{603C65E3-229E-40BE-A081-F9ED4D0387B1}.Debug|x64.Build.0 = Debug|Any CPU
		{603C65E3-229E-40BE-A081-F9ED4D0387B1}.Debug|x86.ActiveCfg = Debug|Any CPU
		{603C65E3-229E-40BE-A081-F9ED4D0387B1}.Debug|x86.Build.0 = Debug|Any CPU
		{603C65E3-229E-40BE-A081-F9ED4D0387B1}.Release|Any CPU.ActiveCfg = Release|Any CPU
		{603C65E3-229E-40BE-A081-F9ED4D0387B1}.Release|Any CPU.Build.0 = Release|Any CPU
		{603C65E3-229E-40BE-A081-F9ED4D0387B1}.Release|x64.ActiveCfg = Release|Any CPU
		{603C65E3-229E-40BE-A081-F9ED4D0387B1}.Release|x64.Build.0 = Release|Any CPU
		{603C65E3-229E-40BE-A081-F9ED4D0387B1}.Release|x86.ActiveCfg = Release|Any CPU
		{603C65E3-229E-40BE-A081-F9ED4D0387B1}.Release|x86.Build.0 = Release|Any CPU
		{44DE8A42-FEA3-406A-8C7C-3493E2143DE6}.Debug|Any CPU.ActiveCfg = Debug|Any CPU
		{44DE8A42-FEA3-406A-8C7C-3493E2143DE6}.Debug|Any CPU.Build.0 = Debug|Any CPU
		{44DE8A42-FEA3-406A-8C7C-3493E2143DE6}.Debug|x64.ActiveCfg = Debug|Any CPU
		{44DE8A42-FEA3-406A-8C7C-3493E2143DE6}.Debug|x64.Build.0 = Debug|Any CPU
		{44DE8A42-FEA3-406A-8C7C-3493E2143DE6}.Debug|x86.ActiveCfg = Debug|Any CPU
		{44DE8A42-FEA3-406A-8C7C-3493E2143DE6}.Debug|x86.Build.0 = Debug|Any CPU
		{44DE8A42-FEA3-406A-8C7C-3493E2143DE6}.Release|Any CPU.ActiveCfg = Release|Any CPU
		{44DE8A42-FEA3-406A-8C7C-3493E2143DE6}.Release|Any CPU.Build.0 = Release|Any CPU
		{44DE8A42-FEA3-406A-8C7C-3493E2143DE6}.Release|x64.ActiveCfg = Release|Any CPU
		{44DE8A42-FEA3-406A-8C7C-3493E2143DE6}.Release|x64.Build.0 = Release|Any CPU
		{44DE8A42-FEA3-406A-8C7C-3493E2143DE6}.Release|x86.ActiveCfg = Release|Any CPU
		{44DE8A42-FEA3-406A-8C7C-3493E2143DE6}.Release|x86.Build.0 = Release|Any CPU
	EndGlobalSection
	GlobalSection(SolutionProperties) = preSolution
		HideSolutionNode = FALSE
	EndGlobalSection
	GlobalSection(NestedProjects) = preSolution
		{512CD054-A9C0-453B-A43F-99DA7111CB90} = {827E0CD3-B72D-47B6-A68D-7590B98EB39B}
		{B25C3E7E-6DC5-4346-B415-10BC3722C97A} = {827E0CD3-B72D-47B6-A68D-7590B98EB39B}
		{08AEDA79-7259-4A3E-9B68-B8A3EDE47E2B} = {827E0CD3-B72D-47B6-A68D-7590B98EB39B}
		{446F287B-3864-445C-94AF-BB51610E5A04} = {827E0CD3-B72D-47B6-A68D-7590B98EB39B}
		{9ACB2EE8-A9F1-4E6E-921E-C9D16E7D0334} = {827E0CD3-B72D-47B6-A68D-7590B98EB39B}
		{19F20357-F040-41BD-81D2-FA5F09842A7F} = {827E0CD3-B72D-47B6-A68D-7590B98EB39B}
		{603C65E3-229E-40BE-A081-F9ED4D0387B1} = {67AB4D2A-1E0A-4A76-B047-D7068440E4A8}
		{44DE8A42-FEA3-406A-8C7C-3493E2143DE6} = {67AB4D2A-1E0A-4A76-B047-D7068440E4A8}
	EndGlobalSection
EndGlobal
